{
  "nodes": {
    "dzgui": {
      "flake": false,
      "locked": {
        "lastModified": 1692283637,
        "narHash": "sha256-bObVQHKfJdpot895dhEMDbuWYgRVSXiyKKGVk6PPU7k=",
        "owner": "aclist",
        "repo": "dztui",
        "rev": "2e992f0d9bb60451cba221dd1ddc50b49386b00e",
        "type": "github"
      },
      "original": {
        "owner": "aclist",
        "repo": "dztui",
        "type": "github"
      }
    },
    "nixpkgs": {
      "locked": {
        "lastModified": 1691592289,
        "narHash": "sha256-Lqpw7lrXlLkYra33tp57ms8tZ0StWhbcl80vk4D90F8=",
        "owner": "NixOS",
        "repo": "nixpkgs",
        "rev": "9034b46dc4c7596a87ab837bb8a07ef2d887e8c7",
        "type": "github"
      },
      "original": {
        "id": "nixpkgs",
        "ref": "release-23.05",
        "type": "indirect"
      }
    },
    "root": {
      "inputs": {
        "dzgui": "dzgui",
        "nixpkgs": "nixpkgs"
      }
    }
  },
  "root": "root",
  "version": 7
}
