{
  "nodes": {
    "dzgui": {
      "flake": false,
      "locked": {
        "lastModified": 1684544593,
        "narHash": "sha256-UTewFmIqTq71AlFgJDG81Eqgb5mEUvgTtkOXqbCAsD0=",
        "owner": "aclist",
        "repo": "dztui",
        "rev": "72eab0daf0ea473a81107fefe205f8cd2842cb79",
        "type": "github"
      },
      "original": {
        "owner": "aclist",
        "repo": "dztui",
        "type": "github"
      }
    },
    "nixpkgs": {
      "locked": {
        "lastModified": 1684280442,
        "narHash": "sha256-nC1/kfh6tpMQSLQalbNTNnireIlxvLLugrjZdasNh+I=",
        "owner": "NixOS",
        "repo": "nixpkgs",
        "rev": "6c591e7adc514090a77209f56c9d0c551ab8530d",
        "type": "github"
      },
      "original": {
        "id": "nixpkgs",
        "ref": "nixos-22.11",
        "type": "indirect"
      }
    },
    "root": {
      "inputs": {
        "dzgui": "dzgui",
        "nixpkgs": "nixpkgs"
      }
    }
  },
  "root": "root",
  "version": 7
}
